
Microsoft Visual Studio Solution File, Format Version 12.00
# Visual Studio Version 17
VisualStudioVersion = 17.5.33530.505
MinimumVisualStudioVersion = 10.0.40219.1
Project("{8BC9CEB8-8B4A-11D0-8D11-00A0C91BC942}") = "OpenDriver", "OpenDriver\OpenDriver.vcxproj", "{A98FF667-7EC8-4B00-A9E8-703540025236}"
EndProject
Project("{8BC9CEB8-8B4A-11D0-8D11-00A0C91BC942}") = "OpenApplication", "OpenApplication\OpenApplication.vcxproj", "{88D68574-E494-4321-A94A-63E87538B78A}"
EndProject
Global
	GlobalSection(SolutionConfigurationPlatforms) = preSolution
		Debug|ARM64 = Debug|ARM64
		Debug|x64 = Debug|x64
		Debug|x86 = Debug|x86
		Release|ARM64 = Release|ARM64
		Release|x64 = Release|x64
		Release|x86 = Release|x86
	EndGlobalSection
	GlobalSection(ProjectConfigurationPlatforms) = postSolution
		{A98FF667-7EC8-4B00-A9E8-703540025236}.Debug|ARM64.ActiveCfg = Debug|ARM64
		{A98FF667-7EC8-4B00-A9E8-703540025236}.Debug|ARM64.Build.0 = Debug|ARM64
		{A98FF667-7EC8-4B00-A9E8-703540025236}.Debug|ARM64.Deploy.0 = Debug|ARM64
		{A98FF667-7EC8-4B00-A9E8-703540025236}.Debug|x64.ActiveCfg = Debug|x64
		{A98FF667-7EC8-4B00-A9E8-703540025236}.Debug|x64.Build.0 = Debug|x64
		{A98FF667-7EC8-4B00-A9E8-703540025236}.Debug|x64.Deploy.0 = Debug|x64
		{A98FF667-7EC8-4B00-A9E8-703540025236}.Debug|x86.ActiveCfg = Debug|x64
		{A98FF667-7EC8-4B00-A9E8-703540025236}.Debug|x86.Build.0 = Debug|x64
		{A98FF667-7EC8-4B00-A9E8-703540025236}.Debug|x86.Deploy.0 = Debug|x64
		{A98FF667-7EC8-4B00-A9E8-703540025236}.Release|ARM64.ActiveCfg = Release|ARM64
		{A98FF667-7EC8-4B00-A9E8-703540025236}.Release|ARM64.Build.0 = Release|ARM64
		{A98FF667-7EC8-4B00-A9E8-703540025236}.Release|ARM64.Deploy.0 = Release|ARM64
		{A98FF667-7EC8-4B00-A9E8-703540025236}.Release|x64.ActiveCfg = Release|x64
		{A98FF667-7EC8-4B00-A9E8-703540025236}.Release|x64.Build.0 = Release|x64
		{A98FF667-7EC8-4B00-A9E8-703540025236}.Release|x64.Deploy.0 = Release|x64
		{A98FF667-7EC8-4B00-A9E8-703540025236}.Release|x86.ActiveCfg = Release|x64
		{A98FF667-7EC8-4B00-A9E8-703540025236}.Release|x86.Build.0 = Release|x64
		{A98FF667-7EC8-4B00-A9E8-703540025236}.Release|x86.Deploy.0 = Release|x64
		{88D68574-E494-4321-A94A-63E87538B78A}.Debug|ARM64.ActiveCfg = Debug|x64
		{88D68574-E494-4321-A94A-63E87538B78A}.Debug|ARM64.Build.0 = Debug|x64
		{88D68574-E494-4321-A94A-63E87538B78A}.Debug|x64.ActiveCfg = Debug|x64
		{88D68574-E494-4321-A94A-63E87538B78A}.Debug|x64.Build.0 = Debug|x64
		{88D68574-E494-4321-A94A-63E87538B78A}.Debug|x86.ActiveCfg = Debug|Win32
		{88D68574-E494-4321-A94A-63E87538B78A}.Debug|x86.Build.0 = Debug|Win32
		{88D68574-E494-4321-A94A-63E87538B78A}.Release|ARM64.ActiveCfg = Release|x64
		{88D68574-E494-4321-A94A-63E87538B78A}.Release|ARM64.Build.0 = Release|x64
		{88D68574-E494-4321-A94A-63E87538B78A}.Release|x64.ActiveCfg = Release|x64
		{88D68574-E494-4321-A94A-63E87538B78A}.Release|x64.Build.0 = Release|x64
		{88D68574-E494-4321-A94A-63E87538B78A}.Release|x86.ActiveCfg = Release|Win32
		{88D68574-E494-4321-A94A-63E87538B78A}.Release|x86.Build.0 = Release|Win32
	EndGlobalSection
	GlobalSection(SolutionProperties) = preSolution
		HideSolutionNode = FALSE
	EndGlobalSection
	GlobalSection(ExtensibilityGlobals) = postSolution
		SolutionGuid = {714EF56B-3DFA-4044-8C57-9A35636C81AC}
	EndGlobalSection
EndGlobal
